
Microsoft Visual Studio Solution File, Format Version 12.00
# Visual Studio Version 17
VisualStudioVersion = 17.8.34511.84
MinimumVisualStudioVersion = 10.0.40219.1
Project("{FAE04EC0-301F-11D3-BF4B-00C04F79EFBC}") = "WikiTest", "WikiTest\WikiTest.csproj", "{64E81E81-2FD8-4CF1-9D49-6A322E8A2AA1}"
EndProject
Global
	GlobalSection(SolutionConfigurationPlatforms) = preSolution
		Debug|Any CPU = Debug|Any CPU
		Release|Any CPU = Release|Any CPU
	EndGlobalSection
	GlobalSection(ProjectConfigurationPlatforms) = postSolution
		{64E81E81-2FD8-4CF1-9D49-6A322E8A2AA1}.Debug|Any CPU.ActiveCfg = Debug|Any CPU
		{64E81E81-2FD8-4CF1-9D49-6A322E8A2AA1}.Debug|Any CPU.Build.0 = Debug|Any CPU
		{64E81E81-2FD8-4CF1-9D49-6A322E8A2AA1}.Release|Any CPU.ActiveCfg = Release|Any CPU
		{64E81E81-2FD8-4CF1-9D49-6A322E8A2AA1}.Release|Any CPU.Build.0 = Release|Any CPU
	EndGlobalSection
	GlobalSection(SolutionProperties) = preSolution
		HideSolutionNode = FALSE
	EndGlobalSection
	GlobalSection(ExtensibilityGlobals) = postSolution
		SolutionGuid = {720EAAA8-6741-424F-B7CA-2E94307490CA}
	EndGlobalSection
EndGlobal
